
Microsoft Visual Studio Solution File, Format Version 12.00
# Visual Studio Version 17
VisualStudioVersion = 17.7.34031.279
MinimumVisualStudioVersion = 10.0.40219.1
Project("{8BC9CEB8-8B4A-11D0-8D11-00A0C91BC942}") = "Lab_12_12_list", "Lab_12_12\Lab_12_12.vcxproj", "{35D009B2-74B2-4414-B8B2-3D9A86C281CF}"
EndProject
Project("{8BC9CEB8-8B4A-11D0-8D11-00A0C91BC942}") = "UnitTest1", "UnitTest1\UnitTest1.vcxproj", "{59CB17D6-1361-4639-B2B0-52FD12160498}"
EndProject
Global
	GlobalSection(SolutionConfigurationPlatforms) = preSolution
		Debug|x64 = Debug|x64
		Debug|x86 = Debug|x86
		Release|x64 = Release|x64
		Release|x86 = Release|x86
	EndGlobalSection
	GlobalSection(ProjectConfigurationPlatforms) = postSolution
		{35D009B2-74B2-4414-B8B2-3D9A86C281CF}.Debug|x64.ActiveCfg = Debug|x64
		{35D009B2-74B2-4414-B8B2-3D9A86C281CF}.Debug|x64.Build.0 = Debug|x64
		{35D009B2-74B2-4414-B8B2-3D9A86C281CF}.Debug|x86.ActiveCfg = Debug|Win32
		{35D009B2-74B2-4414-B8B2-3D9A86C281CF}.Debug|x86.Build.0 = Debug|Win32
		{35D009B2-74B2-4414-B8B2-3D9A86C281CF}.Release|x64.ActiveCfg = Release|x64
		{35D009B2-74B2-4414-B8B2-3D9A86C281CF}.Release|x64.Build.0 = Release|x64
		{35D009B2-74B2-4414-B8B2-3D9A86C281CF}.Release|x86.ActiveCfg = Release|Win32
		{35D009B2-74B2-4414-B8B2-3D9A86C281CF}.Release|x86.Build.0 = Release|Win32
		{59CB17D6-1361-4639-B2B0-52FD12160498}.Debug|x64.ActiveCfg = Debug|x64
		{59CB17D6-1361-4639-B2B0-52FD12160498}.Debug|x64.Build.0 = Debug|x64
		{59CB17D6-1361-4639-B2B0-52FD12160498}.Debug|x86.ActiveCfg = Debug|Win32
		{59CB17D6-1361-4639-B2B0-52FD12160498}.Debug|x86.Build.0 = Debug|Win32
		{59CB17D6-1361-4639-B2B0-52FD12160498}.Release|x64.ActiveCfg = Release|x64
		{59CB17D6-1361-4639-B2B0-52FD12160498}.Release|x64.Build.0 = Release|x64
		{59CB17D6-1361-4639-B2B0-52FD12160498}.Release|x86.ActiveCfg = Release|Win32
		{59CB17D6-1361-4639-B2B0-52FD12160498}.Release|x86.Build.0 = Release|Win32
	EndGlobalSection
	GlobalSection(SolutionProperties) = preSolution
		HideSolutionNode = FALSE
	EndGlobalSection
	GlobalSection(ExtensibilityGlobals) = postSolution
		SolutionGuid = {CE7E92B6-AC44-4E27-BB69-752DFBCD1656}
	EndGlobalSection
EndGlobal
